
Microsoft Visual Studio Solution File, Format Version 12.00
# Visual Studio 15
VisualStudioVersion = 15.0.25807.0
MinimumVisualStudioVersion = 10.0.40219.1
Project("{2150E333-8FDC-42A3-9474-1A3956D46DE8}") = "Engine", "Engine", "{190ACB38-CEB0-4AC3-8581-514D48C7FC0B}"
EndProject
Project("{2150E333-8FDC-42A3-9474-1A3956D46DE8}") = "Enterprise", "Enterprise", "{24F12CE6-B602-4E44-A100-68308B025618}"
EndProject
Project("{2150E333-8FDC-42A3-9474-1A3956D46DE8}") = "Games", "Games", "{529FEEBC-04F8-49FD-8747-0856672EE75A}"
EndProject
Project("{8BC9CEB8-8B4A-11D0-8D11-00A0C91BC942}") = "BuildingEscape", "Intermediate\ProjectFiles\BuildingEscape.vcxproj", "{35CF58F0-42C7-42EB-860E-5D1D6D7E4B51}"
EndProject
Project("{8BC9CEB8-8B4A-11D0-8D11-00A0C91BC942}") = "UE4", "Intermediate\ProjectFiles\UE4.vcxproj", "{145CF3A2-F119-454E-BFCD-AA9790C7F4D0}"
EndProject
Project("{8BC9CEB8-8B4A-11D0-8D11-00A0C91BC942}") = "Studio", "Intermediate\ProjectFiles\Studio.vcxproj", "{49070AF6-445D-4D4F-ADF1-84541150DBF0}"
EndProject
Project("{2150E333-8FDC-42A3-9474-1A3956D46DE8}") = "Visualizers", "Visualizers", "{3E987DCA-5127-4D02-BC4F-64CA2FE1C0ED}"
	ProjectSection(SolutionItems) = preProject
		D:\Epic Games\UE_4.21\Engine\Extras\VisualStudioDebugging\UE4.natvis = D:\Epic Games\UE_4.21\Engine\Extras\VisualStudioDebugging\UE4.natvis
	EndProjectSection
EndProject
Global
	GlobalSection(SolutionConfigurationPlatforms) = preSolution
		DebugGame Editor|HTML5 = DebugGame Editor|HTML5
		DebugGame Editor|IOS = DebugGame Editor|IOS
		DebugGame Editor|Win32 = DebugGame Editor|Win32
		DebugGame Editor|Win64 = DebugGame Editor|Win64
		DebugGame|HTML5 = DebugGame|HTML5
		DebugGame|IOS = DebugGame|IOS
		DebugGame|Win32 = DebugGame|Win32
		DebugGame|Win64 = DebugGame|Win64
		Development Editor|HTML5 = Development Editor|HTML5
		Development Editor|IOS = Development Editor|IOS
		Development Editor|Win32 = Development Editor|Win32
		Development Editor|Win64 = Development Editor|Win64
		Development|HTML5 = Development|HTML5
		Development|IOS = Development|IOS
		Development|Win32 = Development|Win32
		Development|Win64 = Development|Win64
		Shipping|HTML5 = Shipping|HTML5
		Shipping|IOS = Shipping|IOS
		Shipping|Win32 = Shipping|Win32
		Shipping|Win64 = Shipping|Win64
	EndGlobalSection
	GlobalSection(ProjectConfigurationPlatforms) = postSolution
		{35CF58F0-42C7-42EB-860E-5D1D6D7E4B51}.DebugGame Editor|HTML5.ActiveCfg = Invalid|Win32
		{35CF58F0-42C7-42EB-860E-5D1D6D7E4B51}.DebugGame Editor|IOS.ActiveCfg = Invalid|Win32
		{35CF58F0-42C7-42EB-860E-5D1D6D7E4B51}.DebugGame Editor|Win32.ActiveCfg = Invalid|Win32
		{35CF58F0-42C7-42EB-860E-5D1D6D7E4B51}.DebugGame Editor|Win64.ActiveCfg = DebugGame_Editor|x64
		{35CF58F0-42C7-42EB-860E-5D1D6D7E4B51}.DebugGame Editor|Win64.Build.0 = DebugGame_Editor|x64
		{35CF58F0-42C7-42EB-860E-5D1D6D7E4B51}.DebugGame|HTML5.ActiveCfg = HTML5_DebugGame|Win32
		{35CF58F0-42C7-42EB-860E-5D1D6D7E4B51}.DebugGame|HTML5.Build.0 = HTML5_DebugGame|Win32
		{35CF58F0-42C7-42EB-860E-5D1D6D7E4B51}.DebugGame|IOS.ActiveCfg = IOS_DebugGame|Win32
		{35CF58F0-42C7-42EB-860E-5D1D6D7E4B51}.DebugGame|IOS.Build.0 = IOS_DebugGame|Win32
		{35CF58F0-42C7-42EB-860E-5D1D6D7E4B51}.DebugGame|Win32.ActiveCfg = DebugGame|Win32
		{35CF58F0-42C7-42EB-860E-5D1D6D7E4B51}.DebugGame|Win32.Build.0 = DebugGame|Win32
		{35CF58F0-42C7-42EB-860E-5D1D6D7E4B51}.DebugGame|Win64.ActiveCfg = DebugGame|x64
		{35CF58F0-42C7-42EB-860E-5D1D6D7E4B51}.DebugGame|Win64.Build.0 = DebugGame|x64
		{35CF58F0-42C7-42EB-860E-5D1D6D7E4B51}.Development Editor|HTML5.ActiveCfg = Invalid|Win32
		{35CF58F0-42C7-42EB-860E-5D1D6D7E4B51}.Development Editor|IOS.ActiveCfg = Invalid|Win32
		{35CF58F0-42C7-42EB-860E-5D1D6D7E4B51}.Development Editor|Win32.ActiveCfg = Invalid|Win32
		{35CF58F0-42C7-42EB-860E-5D1D6D7E4B51}.Development Editor|Win64.ActiveCfg = Development_Editor|x64
		{35CF58F0-42C7-42EB-860E-5D1D6D7E4B51}.Development Editor|Win64.Build.0 = Development_Editor|x64
		{35CF58F0-42C7-42EB-860E-5D1D6D7E4B51}.Development|HTML5.ActiveCfg = HTML5_Development|Win32
		{35CF58F0-42C7-42EB-860E-5D1D6D7E4B51}.Development|HTML5.Build.0 = HTML5_Development|Win32
		{35CF58F0-42C7-42EB-860E-5D1D6D7E4B51}.Development|IOS.ActiveCfg = IOS_Development|Win32
		{35CF58F0-42C7-42EB-860E-5D1D6D7E4B51}.Development|IOS.Build.0 = IOS_Development|Win32
		{35CF58F0-42C7-42EB-860E-5D1D6D7E4B51}.Development|Win32.ActiveCfg = Development|Win32
		{35CF58F0-42C7-42EB-860E-5D1D6D7E4B51}.Development|Win32.Build.0 = Development|Win32
		{35CF58F0-42C7-42EB-860E-5D1D6D7E4B51}.Development|Win64.ActiveCfg = Development|x64
		{35CF58F0-42C7-42EB-860E-5D1D6D7E4B51}.Development|Win64.Build.0 = Development|x64
		{35CF58F0-42C7-42EB-860E-5D1D6D7E4B51}.Shipping|HTML5.ActiveCfg = HTML5_Shipping|Win32
		{35CF58F0-42C7-42EB-860E-5D1D6D7E4B51}.Shipping|HTML5.Build.0 = HTML5_Shipping|Win32
		{35CF58F0-42C7-42EB-860E-5D1D6D7E4B51}.Shipping|IOS.ActiveCfg = IOS_Shipping|Win32
		{35CF58F0-42C7-42EB-860E-5D1D6D7E4B51}.Shipping|IOS.Build.0 = IOS_Shipping|Win32
		{35CF58F0-42C7-42EB-860E-5D1D6D7E4B51}.Shipping|Win32.ActiveCfg = Shipping|Win32
		{35CF58F0-42C7-42EB-860E-5D1D6D7E4B51}.Shipping|Win32.Build.0 = Shipping|Win32
		{35CF58F0-42C7-42EB-860E-5D1D6D7E4B51}.Shipping|Win64.ActiveCfg = Shipping|x64
		{35CF58F0-42C7-42EB-860E-5D1D6D7E4B51}.Shipping|Win64.Build.0 = Shipping|x64
		{145CF3A2-F119-454E-BFCD-AA9790C7F4D0}.DebugGame Editor|HTML5.ActiveCfg = BuiltWithUnrealBuildTool|Win32
		{145CF3A2-F119-454E-BFCD-AA9790C7F4D0}.DebugGame Editor|IOS.ActiveCfg = BuiltWithUnrealBuildTool|Win32
		{145CF3A2-F119-454E-BFCD-AA9790C7F4D0}.DebugGame Editor|Win32.ActiveCfg = BuiltWithUnrealBuildTool|Win32
		{145CF3A2-F119-454E-BFCD-AA9790C7F4D0}.DebugGame Editor|Win64.ActiveCfg = BuiltWithUnrealBuildTool|Win32
		{145CF3A2-F119-454E-BFCD-AA9790C7F4D0}.DebugGame|HTML5.ActiveCfg = BuiltWithUnrealBuildTool|Win32
		{145CF3A2-F119-454E-BFCD-AA9790C7F4D0}.DebugGame|IOS.ActiveCfg = BuiltWithUnrealBuildTool|Win32
		{145CF3A2-F119-454E-BFCD-AA9790C7F4D0}.DebugGame|Win32.ActiveCfg = BuiltWithUnrealBuildTool|Win32
		{145CF3A2-F119-454E-BFCD-AA9790C7F4D0}.DebugGame|Win64.ActiveCfg = BuiltWithUnrealBuildTool|Win32
		{145CF3A2-F119-454E-BFCD-AA9790C7F4D0}.Development Editor|HTML5.ActiveCfg = BuiltWithUnrealBuildTool|Win32
		{145CF3A2-F119-454E-BFCD-AA9790C7F4D0}.Development Editor|IOS.ActiveCfg = BuiltWithUnrealBuildTool|Win32
		{145CF3A2-F119-454E-BFCD-AA9790C7F4D0}.Development Editor|Win32.ActiveCfg = BuiltWithUnrealBuildTool|Win32
		{145CF3A2-F119-454E-BFCD-AA9790C7F4D0}.Development Editor|Win64.ActiveCfg = BuiltWithUnrealBuildTool|Win32
		{145CF3A2-F119-454E-BFCD-AA9790C7F4D0}.Development|HTML5.ActiveCfg = BuiltWithUnrealBuildTool|Win32
		{145CF3A2-F119-454E-BFCD-AA9790C7F4D0}.Development|IOS.ActiveCfg = BuiltWithUnrealBuildTool|Win32
		{145CF3A2-F119-454E-BFCD-AA9790C7F4D0}.Development|Win32.ActiveCfg = BuiltWithUnrealBuildTool|Win32
		{145CF3A2-F119-454E-BFCD-AA9790C7F4D0}.Development|Win64.ActiveCfg = BuiltWithUnrealBuildTool|Win32
		{145CF3A2-F119-454E-BFCD-AA9790C7F4D0}.Shipping|HTML5.ActiveCfg = BuiltWithUnrealBuildTool|Win32
		{145CF3A2-F119-454E-BFCD-AA9790C7F4D0}.Shipping|IOS.ActiveCfg = BuiltWithUnrealBuildTool|Win32
		{145CF3A2-F119-454E-BFCD-AA9790C7F4D0}.Shipping|Win32.ActiveCfg = BuiltWithUnrealBuildTool|Win32
		{145CF3A2-F119-454E-BFCD-AA9790C7F4D0}.Shipping|Win64.ActiveCfg = BuiltWithUnrealBuildTool|Win32
		{49070AF6-445D-4D4F-ADF1-84541150DBF0}.DebugGame Editor|HTML5.ActiveCfg = BuiltWithUnrealBuildTool|Win32
		{49070AF6-445D-4D4F-ADF1-84541150DBF0}.DebugGame Editor|IOS.ActiveCfg = BuiltWithUnrealBuildTool|Win32
		{49070AF6-445D-4D4F-ADF1-84541150DBF0}.DebugGame Editor|Win32.ActiveCfg = BuiltWithUnrealBuildTool|Win32
		{49070AF6-445D-4D4F-ADF1-84541150DBF0}.DebugGame Editor|Win64.ActiveCfg = BuiltWithUnrealBuildTool|Win32
		{49070AF6-445D-4D4F-ADF1-84541150DBF0}.DebugGame|HTML5.ActiveCfg = BuiltWithUnrealBuildTool|Win32
		{49070AF6-445D-4D4F-ADF1-84541150DBF0}.DebugGame|IOS.ActiveCfg = BuiltWithUnrealBuildTool|Win32
		{49070AF6-445D-4D4F-ADF1-84541150DBF0}.DebugGame|Win32.ActiveCfg = BuiltWithUnrealBuildTool|Win32
		{49070AF6-445D-4D4F-ADF1-84541150DBF0}.DebugGame|Win64.ActiveCfg = BuiltWithUnrealBuildTool|Win32
		{49070AF6-445D-4D4F-ADF1-84541150DBF0}.Development Editor|HTML5.ActiveCfg = BuiltWithUnrealBuildTool|Win32
		{49070AF6-445D-4D4F-ADF1-84541150DBF0}.Development Editor|IOS.ActiveCfg = BuiltWithUnrealBuildTool|Win32
		{49070AF6-445D-4D4F-ADF1-84541150DBF0}.Development Editor|Win32.ActiveCfg = BuiltWithUnrealBuildTool|Win32
		{49070AF6-445D-4D4F-ADF1-84541150DBF0}.Development Editor|Win64.ActiveCfg = BuiltWithUnrealBuildTool|Win32
		{49070AF6-445D-4D4F-ADF1-84541150DBF0}.Development|HTML5.ActiveCfg = BuiltWithUnrealBuildTool|Win32
		{49070AF6-445D-4D4F-ADF1-84541150DBF0}.Development|IOS.ActiveCfg = BuiltWithUnrealBuildTool|Win32
		{49070AF6-445D-4D4F-ADF1-84541150DBF0}.Development|Win32.ActiveCfg = BuiltWithUnrealBuildTool|Win32
		{49070AF6-445D-4D4F-ADF1-84541150DBF0}.Development|Win64.ActiveCfg = BuiltWithUnrealBuildTool|Win32
		{49070AF6-445D-4D4F-ADF1-84541150DBF0}.Shipping|HTML5.ActiveCfg = BuiltWithUnrealBuildTool|Win32
		{49070AF6-445D-4D4F-ADF1-84541150DBF0}.Shipping|IOS.ActiveCfg = BuiltWithUnrealBuildTool|Win32
		{49070AF6-445D-4D4F-ADF1-84541150DBF0}.Shipping|Win32.ActiveCfg = BuiltWithUnrealBuildTool|Win32
		{49070AF6-445D-4D4F-ADF1-84541150DBF0}.Shipping|Win64.ActiveCfg = BuiltWithUnrealBuildTool|Win32
	EndGlobalSection
	GlobalSection(SolutionProperties) = preSolution
		HideSolutionNode = FALSE
	EndGlobalSection
	GlobalSection(NestedProjects) = preSolution
		{145CF3A2-F119-454E-BFCD-AA9790C7F4D0} = {190ACB38-CEB0-4AC3-8581-514D48C7FC0B}
		{49070AF6-445D-4D4F-ADF1-84541150DBF0} = {24F12CE6-B602-4E44-A100-68308B025618}
		{35CF58F0-42C7-42EB-860E-5D1D6D7E4B51} = {529FEEBC-04F8-49FD-8747-0856672EE75A}
	EndGlobalSection
EndGlobal
