
Microsoft Visual Studio Solution File, Format Version 12.00
# Visual Studio 15
VisualStudioVersion = 15.0.25807.0
MinimumVisualStudioVersion = 10.0.40219.1
Project("{2150E333-8FDC-42A3-9474-1A3956D46DE8}") = "Engine", "Engine", "{6064C579-4E43-40BE-A6DE-DE85FA8A8CBE}"
EndProject
Project("{2150E333-8FDC-42A3-9474-1A3956D46DE8}") = "Enterprise", "Enterprise", "{F9E24B71-C314-40DE-B6CB-3B8F0DBB31CE}"
EndProject
Project("{2150E333-8FDC-42A3-9474-1A3956D46DE8}") = "Games", "Games", "{2888D525-0EB9-450E-BB90-013DAA6A4F5A}"
EndProject
Project("{8BC9CEB8-8B4A-11D0-8D11-00A0C91BC942}") = "BuildingEscape", "Intermediate\ProjectFiles\BuildingEscape.vcxproj", "{B46672A4-704F-4A55-93F3-8941555878DA}"
EndProject
Project("{8BC9CEB8-8B4A-11D0-8D11-00A0C91BC942}") = "UE4", "Intermediate\ProjectFiles\UE4.vcxproj", "{885CC7D0-A1A5-463C-801C-3DC4CCA47B64}"
EndProject
Project("{8BC9CEB8-8B4A-11D0-8D11-00A0C91BC942}") = "Studio", "Intermediate\ProjectFiles\Studio.vcxproj", "{EC6DC4F6-7D4E-4AF3-AB4C-299589E56C92}"
EndProject
Project("{2150E333-8FDC-42A3-9474-1A3956D46DE8}") = "Visualizers", "Visualizers", "{6F23DCCA-D0A6-4C25-8D0D-D0B15A40CA78}"
	ProjectSection(SolutionItems) = preProject
		D:\Recursos\Fondos\UE_4.21\Engine\Extras\VisualStudioDebugging\UE4.natvis = D:\Recursos\Fondos\UE_4.21\Engine\Extras\VisualStudioDebugging\UE4.natvis
	EndProjectSection
EndProject
Global
	GlobalSection(SolutionConfigurationPlatforms) = preSolution
		DebugGame Editor|HTML5 = DebugGame Editor|HTML5
		DebugGame Editor|Win32 = DebugGame Editor|Win32
		DebugGame Editor|Win64 = DebugGame Editor|Win64
		DebugGame|HTML5 = DebugGame|HTML5
		DebugGame|Win32 = DebugGame|Win32
		DebugGame|Win64 = DebugGame|Win64
		Development Editor|HTML5 = Development Editor|HTML5
		Development Editor|Win32 = Development Editor|Win32
		Development Editor|Win64 = Development Editor|Win64
		Development|HTML5 = Development|HTML5
		Development|Win32 = Development|Win32
		Development|Win64 = Development|Win64
		Shipping|HTML5 = Shipping|HTML5
		Shipping|Win32 = Shipping|Win32
		Shipping|Win64 = Shipping|Win64
	EndGlobalSection
	GlobalSection(ProjectConfigurationPlatforms) = postSolution
		{B46672A4-704F-4A55-93F3-8941555878DA}.DebugGame Editor|HTML5.ActiveCfg = Invalid|Win32
		{B46672A4-704F-4A55-93F3-8941555878DA}.DebugGame Editor|Win32.ActiveCfg = Invalid|Win32
		{B46672A4-704F-4A55-93F3-8941555878DA}.DebugGame Editor|Win64.ActiveCfg = DebugGame_Editor|x64
		{B46672A4-704F-4A55-93F3-8941555878DA}.DebugGame Editor|Win64.Build.0 = DebugGame_Editor|x64
		{B46672A4-704F-4A55-93F3-8941555878DA}.DebugGame|HTML5.ActiveCfg = HTML5_DebugGame|Win32
		{B46672A4-704F-4A55-93F3-8941555878DA}.DebugGame|HTML5.Build.0 = HTML5_DebugGame|Win32
		{B46672A4-704F-4A55-93F3-8941555878DA}.DebugGame|Win32.ActiveCfg = DebugGame|Win32
		{B46672A4-704F-4A55-93F3-8941555878DA}.DebugGame|Win32.Build.0 = DebugGame|Win32
		{B46672A4-704F-4A55-93F3-8941555878DA}.DebugGame|Win64.ActiveCfg = DebugGame|x64
		{B46672A4-704F-4A55-93F3-8941555878DA}.DebugGame|Win64.Build.0 = DebugGame|x64
		{B46672A4-704F-4A55-93F3-8941555878DA}.Development Editor|HTML5.ActiveCfg = Invalid|Win32
		{B46672A4-704F-4A55-93F3-8941555878DA}.Development Editor|Win32.ActiveCfg = Invalid|Win32
		{B46672A4-704F-4A55-93F3-8941555878DA}.Development Editor|Win64.ActiveCfg = Development_Editor|x64
		{B46672A4-704F-4A55-93F3-8941555878DA}.Development Editor|Win64.Build.0 = Development_Editor|x64
		{B46672A4-704F-4A55-93F3-8941555878DA}.Development|HTML5.ActiveCfg = HTML5_Development|Win32
		{B46672A4-704F-4A55-93F3-8941555878DA}.Development|HTML5.Build.0 = HTML5_Development|Win32
		{B46672A4-704F-4A55-93F3-8941555878DA}.Development|Win32.ActiveCfg = Development|Win32
		{B46672A4-704F-4A55-93F3-8941555878DA}.Development|Win32.Build.0 = Development|Win32
		{B46672A4-704F-4A55-93F3-8941555878DA}.Development|Win64.ActiveCfg = Development|x64
		{B46672A4-704F-4A55-93F3-8941555878DA}.Development|Win64.Build.0 = Development|x64
		{B46672A4-704F-4A55-93F3-8941555878DA}.Shipping|HTML5.ActiveCfg = HTML5_Shipping|Win32
		{B46672A4-704F-4A55-93F3-8941555878DA}.Shipping|HTML5.Build.0 = HTML5_Shipping|Win32
		{B46672A4-704F-4A55-93F3-8941555878DA}.Shipping|Win32.ActiveCfg = Shipping|Win32
		{B46672A4-704F-4A55-93F3-8941555878DA}.Shipping|Win32.Build.0 = Shipping|Win32
		{B46672A4-704F-4A55-93F3-8941555878DA}.Shipping|Win64.ActiveCfg = Shipping|x64
		{B46672A4-704F-4A55-93F3-8941555878DA}.Shipping|Win64.Build.0 = Shipping|x64
		{885CC7D0-A1A5-463C-801C-3DC4CCA47B64}.DebugGame Editor|HTML5.ActiveCfg = BuiltWithUnrealBuildTool|Win32
		{885CC7D0-A1A5-463C-801C-3DC4CCA47B64}.DebugGame Editor|Win32.ActiveCfg = BuiltWithUnrealBuildTool|Win32
		{885CC7D0-A1A5-463C-801C-3DC4CCA47B64}.DebugGame Editor|Win64.ActiveCfg = BuiltWithUnrealBuildTool|Win32
		{885CC7D0-A1A5-463C-801C-3DC4CCA47B64}.DebugGame|HTML5.ActiveCfg = BuiltWithUnrealBuildTool|Win32
		{885CC7D0-A1A5-463C-801C-3DC4CCA47B64}.DebugGame|Win32.ActiveCfg = BuiltWithUnrealBuildTool|Win32
		{885CC7D0-A1A5-463C-801C-3DC4CCA47B64}.DebugGame|Win64.ActiveCfg = BuiltWithUnrealBuildTool|Win32
		{885CC7D0-A1A5-463C-801C-3DC4CCA47B64}.Development Editor|HTML5.ActiveCfg = BuiltWithUnrealBuildTool|Win32
		{885CC7D0-A1A5-463C-801C-3DC4CCA47B64}.Development Editor|Win32.ActiveCfg = BuiltWithUnrealBuildTool|Win32
		{885CC7D0-A1A5-463C-801C-3DC4CCA47B64}.Development Editor|Win64.ActiveCfg = BuiltWithUnrealBuildTool|Win32
		{885CC7D0-A1A5-463C-801C-3DC4CCA47B64}.Development|HTML5.ActiveCfg = BuiltWithUnrealBuildTool|Win32
		{885CC7D0-A1A5-463C-801C-3DC4CCA47B64}.Development|Win32.ActiveCfg = BuiltWithUnrealBuildTool|Win32
		{885CC7D0-A1A5-463C-801C-3DC4CCA47B64}.Development|Win64.ActiveCfg = BuiltWithUnrealBuildTool|Win32
		{885CC7D0-A1A5-463C-801C-3DC4CCA47B64}.Shipping|HTML5.ActiveCfg = BuiltWithUnrealBuildTool|Win32
		{885CC7D0-A1A5-463C-801C-3DC4CCA47B64}.Shipping|Win32.ActiveCfg = BuiltWithUnrealBuildTool|Win32
		{885CC7D0-A1A5-463C-801C-3DC4CCA47B64}.Shipping|Win64.ActiveCfg = BuiltWithUnrealBuildTool|Win32
		{EC6DC4F6-7D4E-4AF3-AB4C-299589E56C92}.DebugGame Editor|HTML5.ActiveCfg = BuiltWithUnrealBuildTool|Win32
		{EC6DC4F6-7D4E-4AF3-AB4C-299589E56C92}.DebugGame Editor|Win32.ActiveCfg = BuiltWithUnrealBuildTool|Win32
		{EC6DC4F6-7D4E-4AF3-AB4C-299589E56C92}.DebugGame Editor|Win64.ActiveCfg = BuiltWithUnrealBuildTool|Win32
		{EC6DC4F6-7D4E-4AF3-AB4C-299589E56C92}.DebugGame|HTML5.ActiveCfg = BuiltWithUnrealBuildTool|Win32
		{EC6DC4F6-7D4E-4AF3-AB4C-299589E56C92}.DebugGame|Win32.ActiveCfg = BuiltWithUnrealBuildTool|Win32
		{EC6DC4F6-7D4E-4AF3-AB4C-299589E56C92}.DebugGame|Win64.ActiveCfg = BuiltWithUnrealBuildTool|Win32
		{EC6DC4F6-7D4E-4AF3-AB4C-299589E56C92}.Development Editor|HTML5.ActiveCfg = BuiltWithUnrealBuildTool|Win32
		{EC6DC4F6-7D4E-4AF3-AB4C-299589E56C92}.Development Editor|Win32.ActiveCfg = BuiltWithUnrealBuildTool|Win32
		{EC6DC4F6-7D4E-4AF3-AB4C-299589E56C92}.Development Editor|Win64.ActiveCfg = BuiltWithUnrealBuildTool|Win32
		{EC6DC4F6-7D4E-4AF3-AB4C-299589E56C92}.Development|HTML5.ActiveCfg = BuiltWithUnrealBuildTool|Win32
		{EC6DC4F6-7D4E-4AF3-AB4C-299589E56C92}.Development|Win32.ActiveCfg = BuiltWithUnrealBuildTool|Win32
		{EC6DC4F6-7D4E-4AF3-AB4C-299589E56C92}.Development|Win64.ActiveCfg = BuiltWithUnrealBuildTool|Win32
		{EC6DC4F6-7D4E-4AF3-AB4C-299589E56C92}.Shipping|HTML5.ActiveCfg = BuiltWithUnrealBuildTool|Win32
		{EC6DC4F6-7D4E-4AF3-AB4C-299589E56C92}.Shipping|Win32.ActiveCfg = BuiltWithUnrealBuildTool|Win32
		{EC6DC4F6-7D4E-4AF3-AB4C-299589E56C92}.Shipping|Win64.ActiveCfg = BuiltWithUnrealBuildTool|Win32
	EndGlobalSection
	GlobalSection(SolutionProperties) = preSolution
		HideSolutionNode = FALSE
	EndGlobalSection
	GlobalSection(NestedProjects) = preSolution
		{885CC7D0-A1A5-463C-801C-3DC4CCA47B64} = {6064C579-4E43-40BE-A6DE-DE85FA8A8CBE}
		{EC6DC4F6-7D4E-4AF3-AB4C-299589E56C92} = {F9E24B71-C314-40DE-B6CB-3B8F0DBB31CE}
		{B46672A4-704F-4A55-93F3-8941555878DA} = {2888D525-0EB9-450E-BB90-013DAA6A4F5A}
	EndGlobalSection
EndGlobal
